
Microsoft Visual Studio Solution File, Format Version 12.00
# Visual Studio Version 17
VisualStudioVersion = 17.13.35825.156 d17.13
MinimumVisualStudioVersion = 10.0.40219.1
Project("{8BC9CEB8-8B4A-11D0-8D11-00A0C91BC942}") = "001_sdl_qt_rgb", "001_sdl_qt_rgb.vcxproj", "{ED2EC16F-BE78-4DD5-8952-F224BB6F69A5}"
EndProject
Global
	GlobalSection(SolutionConfigurationPlatforms) = preSolution
		Debug|x64 = Debug|x64
		Release|x64 = Release|x64
	EndGlobalSection
	GlobalSection(ProjectConfigurationPlatforms) = postSolution
		{ED2EC16F-BE78-4DD5-8952-F224BB6F69A5}.Debug|x64.ActiveCfg = Debug|x64
		{ED2EC16F-BE78-4DD5-8952-F224BB6F69A5}.Debug|x64.Build.0 = Debug|x64
		{ED2EC16F-BE78-4DD5-8952-F224BB6F69A5}.Release|x64.ActiveCfg = Release|x64
		{ED2EC16F-BE78-4DD5-8952-F224BB6F69A5}.Release|x64.Build.0 = Release|x64
	EndGlobalSection
	GlobalSection(SolutionProperties) = preSolution
		HideSolutionNode = FALSE
	EndGlobalSection
	GlobalSection(ExtensibilityGlobals) = postSolution
		SolutionGuid = {05360516-DAD7-4158-9CE2-0AB5BCEB8359}
	EndGlobalSection
EndGlobal
