<?xml version="1.0" encoding="utf-8"?>
<Project ToolsVersion="4.0" xmlns="http://schemas.microsoft.com/developer/msbuild/2003">
  <ItemGroup>
    <Filter Include="Header Files">
      <UniqueIdentifier>{93995380-89BD-4b04-88EB-625FBE52EBFB}</UniqueIdentifier>
      <Extensions>h;hh;hpp;hxx;hm;inl;inc;xsd</Extensions>
    </Filter>
    <Filter Include="Resource Files">
      <UniqueIdentifier>{67DA6AB6-F800-4c08-8B7A-83BB121AAD01}</UniqueIdentifier>
      <Extensions>qrc;rc;ico;cur;bmp;dlg;rc2;rct;bin;rgs;gif;jpg;jpeg;jpe;resx;tiff;tif;png;wav;mfcribbon-ms</Extensions>
    </Filter>
    <Filter Include="Form Files">
      <UniqueIdentifier>{99349809-55BA-4b9d-BF79-8FDBB0286EB3}</UniqueIdentifier>
      <Extensions>ui</Extensions>
    </Filter>
    <Filter Include="Translation Files">
      <UniqueIdentifier>{639EADAA-A684-42e4-A9AD-28FC9BCB8F7C}</UniqueIdentifier>
      <Extensions>ts</Extensions>
    </Filter>
    <Filter Include="soap">
      <UniqueIdentifier>{f4ac7dfc-a2aa-43bc-92db-33098fe35b3e}</UniqueIdentifier>
    </Filter>
    <Filter Include="Source Files">
      <UniqueIdentifier>{caf5c192-27d2-4862-a259-d75ffbf3c8ec}</UniqueIdentifier>
    </Filter>
  </ItemGroup>
  <ItemGroup>
    <ClCompile Include="..\..\third_party\libonvif\gsoap\stdsoap2.cpp">
      <Filter>soap</Filter>
    </ClCompile>
    <ClCompile Include="..\..\third_party\libonvif\gsoap\custom\struct_timeval.cpp">
      <Filter>soap</Filter>
    </ClCompile>
    <ClCompile Include="..\..\third_party\libonvif\soap\wsaapi.cpp">
      <Filter>soap</Filter>
    </ClCompile>
    <ClCompile Include="main.cpp">
      <Filter>Source Files</Filter>
    </ClCompile>
    <ClCompile Include="myonvif.cpp">
      <Filter>Source Files</Filter>
    </ClCompile>
    <ClCompile Include="..\..\third_party\libonvif\onvif\soapC.cpp">
      <Filter>Source Files</Filter>
    </ClCompile>
    <ClCompile Include="..\..\third_party\libonvif\onvif\soapClient.cpp">
      <Filter>Source Files</Filter>
    </ClCompile>
    <ClCompile Include="..\..\third_party\libonvif\soap\wsseapi.cpp">
      <Filter>soap</Filter>
    </ClCompile>
    <ClCompile Include="..\..\third_party\libonvif\soap\smdevp.cpp">
      <Filter>soap</Filter>
    </ClCompile>
    <ClCompile Include="..\..\third_party\libonvif\soap\dom.cpp">
      <Filter>soap</Filter>
    </ClCompile>
    <ClCompile Include="..\..\third_party\libonvif\soap\mecevp.cpp">
      <Filter>soap</Filter>
    </ClCompile>
    <ClCompile Include="..\..\third_party\libonvif\soap\threads.cpp">
      <Filter>soap</Filter>
    </ClCompile>
  </ItemGroup>
  <ItemGroup>
    <ClInclude Include="..\..\third_party\libonvif\gsoap\stdsoap2.h">
      <Filter>soap</Filter>
    </ClInclude>
    <ClInclude Include="..\..\third_party\libonvif\gsoap\custom\struct_timeval.h">
      <Filter>soap</Filter>
    </ClInclude>
    <ClInclude Include="..\..\third_party\libonvif\soap\wsaapi.h">
      <Filter>soap</Filter>
    </ClInclude>
    <ClInclude Include="myonvif.h">
      <Filter>Header Files</Filter>
    </ClInclude>
    <ClInclude Include="..\..\third_party\libonvif\onvif\soapH.h">
      <Filter>Header Files</Filter>
    </ClInclude>
    <ClInclude Include="..\..\third_party\libonvif\onvif\soapStub.h">
      <Filter>Header Files</Filter>
    </ClInclude>
    <ClInclude Include="..\..\third_party\libonvif\soap\wsseapi.h">
      <Filter>soap</Filter>
    </ClInclude>
    <ClInclude Include="..\..\third_party\libonvif\soap\smdevp.h">
      <Filter>soap</Filter>
    </ClInclude>
    <ClInclude Include="..\..\third_party\libonvif\soap\mecevp.h">
      <Filter>soap</Filter>
    </ClInclude>
    <ClInclude Include="..\..\third_party\libonvif\soap\threads.h">
      <Filter>soap</Filter>
    </ClInclude>
  </ItemGroup>
</Project>